{
  "version": "5",
  "specifiers": {
    "jsr:@epdoc/cliapp@^1.0.3": "1.0.3",
    "jsr:@epdoc/daterange@~0.2.16": "0.2.16",
    "jsr:@epdoc/datetime@^2.0.3": "2.0.3",
    "jsr:@epdoc/duration@0.3": "0.3.2",
    "jsr:@epdoc/duration@~0.3.2": "0.3.2",
    "jsr:@epdoc/fs@^1.1.3": "1.1.3",
    "jsr:@epdoc/logger@^1003.0.3": "1003.0.3",
    "jsr:@epdoc/loglevels@^0.0.3": "0.0.3",
    "jsr:@epdoc/msgbuilder@^0.0.4": "0.0.4",
    "jsr:@epdoc/string@~0.1.6": "0.1.7",
    "jsr:@epdoc/string@~0.1.7": "0.1.7",
    "jsr:@epdoc/type@^1.1.18": "1.1.19",
    "jsr:@epdoc/type@^1.1.19": "1.1.19",
    "jsr:@oak/commons@1": "1.0.1",
    "jsr:@oak/oak@^17.1.6": "17.1.6",
    "jsr:@opensrc/deno-open@1": "1.0.0",
    "jsr:@std/assert@1": "1.0.15",
    "jsr:@std/assert@^1.0.15": "1.0.15",
    "jsr:@std/assert@~0.218.2": "0.218.2",
    "jsr:@std/bytes@1": "1.0.6",
    "jsr:@std/bytes@^1.0.6": "1.0.6",
    "jsr:@std/crypto@1": "1.0.5",
    "jsr:@std/encoding@1": "1.0.10",
    "jsr:@std/encoding@^1.0.10": "1.0.10",
    "jsr:@std/fmt@^1.0.8": "1.0.8",
    "jsr:@std/http@1": "1.0.21",
    "jsr:@std/internal@^1.0.10": "1.0.12",
    "jsr:@std/internal@^1.0.12": "1.0.12",
    "jsr:@std/media-types@1": "1.1.0",
    "jsr:@std/path@1": "1.1.2",
    "jsr:@std/path@^1.1.2": "1.1.2",
    "jsr:@std/path@~0.218.2": "0.218.2",
    "npm:@types/node@*": "24.2.0",
    "npm:commander@^14.0.2": "14.0.2",
    "npm:path-to-regexp@^6.3.0": "6.3.0",
    "npm:xmlbuilder@^15.1.1": "15.1.1"
  },
  "jsr": {
    "@epdoc/cliapp@1.0.3": {
      "integrity": "6cadf213b73890c6361c7879da428a6a2cdbc6a65620dfd876b3bfa3648153ab",
      "dependencies": [
        "jsr:@epdoc/logger",
        "jsr:@epdoc/msgbuilder",
        "jsr:@epdoc/type@^1.1.19",
        "jsr:@std/fmt",
        "npm:commander"
      ]
    },
    "@epdoc/daterange@0.2.16": {
      "integrity": "f1c60e86ff6dd9e20065c72b05f02dc6caafc2b0703b4487749f1f943c172e26",
      "dependencies": [
        "jsr:@epdoc/datetime",
        "jsr:@epdoc/type@^1.1.19"
      ]
    },
    "@epdoc/datetime@2.0.3": {
      "integrity": "fd3de3540f58ea9f86caba29c859f583531d9237cec2aa6bee33ad49ff5581c3",
      "dependencies": [
        "jsr:@epdoc/type@^1.1.19"
      ]
    },
    "@epdoc/duration@0.3.2": {
      "integrity": "dea9cce05761815e7f2b2bcd61a01b5b3aced7839f3a7ef332662b0a71a9884e",
      "dependencies": [
        "jsr:@epdoc/type@^1.1.19"
      ]
    },
    "@epdoc/fs@1.1.3": {
      "integrity": "07e2e47ac45ad2a12fd7ae891ffb548e0de2f29e06050c77762a09005fd8f60a",
      "dependencies": [
        "jsr:@epdoc/datetime",
        "jsr:@epdoc/type@^1.1.19",
        "jsr:@std/assert@^1.0.15",
        "jsr:@std/bytes@^1.0.6",
        "jsr:@std/encoding@^1.0.10",
        "jsr:@std/path@^1.1.2"
      ]
    },
    "@epdoc/logger@1003.0.3": {
      "integrity": "ea38f573b6a01fd5547c6e1ee41f2de9e5a303ef8439314c49c592b6a6b7247f",
      "dependencies": [
        "jsr:@epdoc/datetime",
        "jsr:@epdoc/duration@~0.3.2",
        "jsr:@epdoc/loglevels",
        "jsr:@epdoc/msgbuilder",
        "jsr:@epdoc/string@~0.1.7",
        "jsr:@epdoc/type@^1.1.19",
        "jsr:@std/assert@^1.0.15",
        "jsr:@std/fmt"
      ]
    },
    "@epdoc/loglevels@0.0.3": {
      "integrity": "d6f20e0467879a1c70b3706058825cff4f5045f59efda6a40bc745aa25f0cf99",
      "dependencies": [
        "jsr:@epdoc/type@^1.1.19"
      ]
    },
    "@epdoc/msgbuilder@0.0.4": {
      "integrity": "d70157f5442559f2e2b2877f2333f019a0c6e3f565afce011675f3be8ab52aff",
      "dependencies": [
        "jsr:@epdoc/duration@0.3",
        "jsr:@epdoc/string@~0.1.6",
        "jsr:@epdoc/type@^1.1.18",
        "jsr:@std/fmt"
      ]
    },
    "@epdoc/string@0.1.7": {
      "integrity": "4aabdf9f00a07ce257afb05a83db424b745a3e3c3733619edfd7c19bb7efb755",
      "dependencies": [
        "jsr:@epdoc/type@^1.1.19",
        "jsr:@std/assert@^1.0.15"
      ]
    },
    "@epdoc/type@1.1.19": {
      "integrity": "a9c6c4e1b99d324a85def976370ab69d7882974bb47361675622aba705c9f7e5",
      "dependencies": [
        "jsr:@std/encoding@^1.0.10"
      ]
    },
    "@oak/commons@1.0.1": {
      "integrity": "889ff210f0b4292591721be07244ecb1b5c118742f5273c70cf30d7cd4184d0c",
      "dependencies": [
        "jsr:@std/assert@1",
        "jsr:@std/bytes@1",
        "jsr:@std/crypto",
        "jsr:@std/encoding@1",
        "jsr:@std/http",
        "jsr:@std/media-types"
      ]
    },
    "@oak/oak@17.1.6": {
      "integrity": "c7eef2eec733fba8e72b679bba3b8cf2fceccf5ef489a8b8fb43571908c0335d",
      "dependencies": [
        "jsr:@oak/commons",
        "jsr:@std/assert@1",
        "jsr:@std/bytes@1",
        "jsr:@std/http",
        "jsr:@std/media-types",
        "jsr:@std/path@1",
        "npm:path-to-regexp"
      ]
    },
    "@opensrc/deno-open@1.0.0": {
      "integrity": "590decada8cf2d50f4b35c7d3a8d642e18e45d6e47078ea02a4dbf0096bbf9fd",
      "dependencies": [
        "jsr:@std/path@~0.218.2"
      ]
    },
    "@std/assert@0.218.2": {
      "integrity": "7f0a5a1a8cf86607cd6c2c030584096e1ffad27fc9271429a8cb48cfbdee5eaf"
    },
    "@std/assert@1.0.15": {
      "integrity": "d64018e951dbdfab9777335ecdb000c0b4e3df036984083be219ce5941e4703b",
      "dependencies": [
        "jsr:@std/internal@^1.0.12"
      ]
    },
    "@std/bytes@1.0.6": {
      "integrity": "f6ac6adbd8ccd99314045f5703e23af0a68d7f7e58364b47d2c7f408aeb5820a"
    },
    "@std/crypto@1.0.5": {
      "integrity": "0dcfbb319fe0bba1bd3af904ceb4f948cde1b92979ec1614528380ed308a3b40"
    },
    "@std/encoding@1.0.10": {
      "integrity": "8783c6384a2d13abd5e9e87a7ae0520a30e9f56aeeaa3bdf910a3eaaf5c811a1"
    },
    "@std/fmt@1.0.8": {
      "integrity": "71e1fc498787e4434d213647a6e43e794af4fd393ef8f52062246e06f7e372b7"
    },
    "@std/http@1.0.21": {
      "integrity": "abb5c747651ee6e3ea6139858fd9b1810d2c97f53a5e6722f3b6d27a6d263edc",
      "dependencies": [
        "jsr:@std/encoding@^1.0.10"
      ]
    },
    "@std/internal@1.0.12": {
      "integrity": "972a634fd5bc34b242024402972cd5143eac68d8dffaca5eaa4dba30ce17b027"
    },
    "@std/media-types@1.1.0": {
      "integrity": "c9d093f0c05c3512932b330e3cc1fe1d627b301db33a4c2c2185c02471d6eaa4"
    },
    "@std/path@0.218.2": {
      "integrity": "b568fd923d9e53ad76d17c513e7310bda8e755a3e825e6289a0ce536404e2662",
      "dependencies": [
        "jsr:@std/assert@~0.218.2"
      ]
    },
    "@std/path@1.1.2": {
      "integrity": "c0b13b97dfe06546d5e16bf3966b1cadf92e1cc83e56ba5476ad8b498d9e3038",
      "dependencies": [
        "jsr:@std/internal@^1.0.10"
      ]
    }
  },
  "npm": {
    "@types/node@24.2.0": {
      "integrity": "sha512-3xyG3pMCq3oYCNg7/ZP+E1ooTaGB4cG8JWRsqqOYQdbWNY4zbaV0Ennrd7stjiJEFZCaybcIgpTjJWHRfBSIDw==",
      "dependencies": [
        "undici-types"
      ]
    },
    "commander@14.0.2": {
      "integrity": "sha512-TywoWNNRbhoD0BXs1P3ZEScW8W5iKrnbithIl0YH+uCmBd0QpPOA8yc82DS3BIE5Ma6FnBVUsJ7wVUDz4dvOWQ=="
    },
    "path-to-regexp@6.3.0": {
      "integrity": "sha512-Yhpw4T9C6hPpgPeA28us07OJeqZ5EzQTkbfwuhsUg0c237RomFoETJgmp2sa3F/41gfLE6G5cqcYwznmeEeOlQ=="
    },
    "undici-types@7.10.0": {
      "integrity": "sha512-t5Fy/nfn+14LuOc2KNYg75vZqClpAiqscVvMygNnlsHBFpSXdJaYtXMcdNLpl/Qvc3P2cB3s6lOV51nqsFq4ag=="
    },
    "xmlbuilder@15.1.1": {
      "integrity": "sha512-yMqGBqtXyeN1e3TGYvgNgDVZ3j84W4cwkOXQswghol6APgZWaff9lnbvN7MHYJOiXsvGPXtjTYJEiC9J2wv9Eg=="
    }
  },
  "workspace": {
    "members": {
      "packages/strava": {
        "dependencies": [
          "jsr:@epdoc/cliapp@^1.0.3",
          "jsr:@epdoc/daterange@~0.2.16",
          "jsr:@epdoc/datetime@^2.0.3",
          "jsr:@epdoc/duration@~0.3.2",
          "jsr:@epdoc/fs@^1.1.3",
          "jsr:@epdoc/logger@^1003.0.3",
          "jsr:@epdoc/msgbuilder@^0.0.4",
          "jsr:@epdoc/type@^1.1.19",
          "jsr:@oak/oak@^17.1.6",
          "jsr:@opensrc/deno-open@1",
          "jsr:@std/assert@^1.0.15",
          "jsr:@std/expect@^1.0.17",
          "jsr:@std/fmt@^1.0.8",
          "jsr:@std/http@^1.0.21",
          "jsr:@std/path@^1.1.2",
          "jsr:@std/testing@^1.0.16",
          "npm:commander@^14.0.2",
          "npm:xmlbuilder@^15.1.1"
        ]
      },
      "packages/strava-api": {
        "dependencies": [
          "jsr:@epdoc/datetime@^2.0.3",
          "jsr:@epdoc/duration@~0.3.2",
          "jsr:@epdoc/fs@^1.1.3",
          "jsr:@epdoc/logger@^1003.0.3",
          "jsr:@epdoc/msgbuilder@^0.0.4",
          "jsr:@epdoc/type@^1.1.19",
          "jsr:@oak/oak@^17.1.6",
          "jsr:@opensrc/deno-open@1",
          "jsr:@std/assert@^1.0.15",
          "jsr:@std/expect@^1.0.17",
          "jsr:@std/testing@^1.0.16"
        ]
      }
    }
  }
}
